{
    "_meta": {
        "hash": {
            "sha256": "5b4ffa517326130044620dacaa50bf1d5dbc97ff9728908c869d24722074e24b"
        },
        "pipfile-spec": 6,
        "requires": {
            "python_version": "3.13"
        },
        "sources": [
            {
                "name": "pypi",
                "url": "https://pypi.org/simple",
                "verify_ssl": true
            }
        ]
    },
    "default": {
        "py4j": {
            "hashes": [
                "sha256:c7c26e4158defb37b0bb124933163641a2ff6e3a3913f7811b0ddbe07ed61533",
                "sha256:f694cad19efa5bd1dee4f3e5270eb406613c974394035e5bfc4ec1aba870b879"
            ],
            "version": "==0.10.9.9"
        },
        "pyspark": {
            "hashes": [
                "sha256:9d1f22d994f60369228397e3479003ffe2dd736ba79165003246ff7bd48e2c73"
            ],
            "index": "pypi",
            "markers": "python_version >= '3.9'",
            "version": "==4.0.1"
        }
    },
    "develop": {}
}
